PODS:
  - RxSwift (4.5.0)
  - SwiftyJSON (5.0.0)

DEPENDENCIES:
  - RxSwift (~> 4.0)
  - SwiftyJSON

SPEC REPOS:
  trunk:
    - RxSwift
    - SwiftyJSON

SPEC CHECKSUMS:
  RxSwift: f172070dfd1a93d70a9ab97a5a01166206e1c575
  SwiftyJSON: 36413e04c44ee145039d332b4f4e2d3e8d6c4db7

PODFILE CHECKSUM: ca0b8a8159fbc2f85c924f3d29b059a8e4e095e6

COCOAPODS: 1.11.2
